
Microsoft Visual Studio Solution File, Format Version 12.00
# Visual Studio 14
VisualStudioVersion = 14.0.23107.0
MinimumVisualStudioVersion = 10.0.40219.1
Project("{FAE04EC0-301F-11D3-BF4B-00C04F79EFBC}") = "GestureRecognition", "GestureRecognition\GestureRecognition.csproj", "{BC1129C8-F95E-4240-9B63-81A0538AC0DC}"
EndProject
Project("{FAE04EC0-301F-11D3-BF4B-00C04F79EFBC}") = "GestureRecognitionTest", "GestureRecognitionTest\GestureRecognitionTest.csproj", "{0ED5BC21-8DAF-4EA8-AE92-CA94BD61D3E7}"
EndProject
Project("{2150E333-8FDC-42A3-9474-1A3956D46DE8}") = "Tests", "Tests", "{196952A8-61F5-4206-8193-CB9C11E67C3F}"
EndProject
Project("{FAE04EC0-301F-11D3-BF4B-00C04F79EFBC}") = "GestureRecognitionService", "GestureRecognitionService\GestureRecognitionService.csproj", "{5DB7D293-38DA-47D8-91E9-A707091E1206}"
EndProject
Project("{FAE04EC0-301F-11D3-BF4B-00C04F79EFBC}") = "ConfigFileReader", "..\..\i2e-network-middleware\C#\beardwire\BeardWire\ConfigFileReader\ConfigFileReader.csproj", "{39F1763C-E4C7-4CA3-BBD1-8BAD13BC171B}"
EndProject
Project("{FAE04EC0-301F-11D3-BF4B-00C04F79EFBC}") = "BeardLogger", "..\..\i2e-network-middleware\C#\beardwire\Logging\BeardLogger\BeardLogger\BeardLogger.csproj", "{2625801A-F96A-4B40-B085-2E5256C414E9}"
EndProject
Project("{FAE04EC0-301F-11D3-BF4B-00C04F79EFBC}") = "BeardWire", "..\..\i2e-network-middleware\C#\beardwire\BeardWire\BeardWire\BeardWire.csproj", "{F75C9489-246A-4E7A-93D0-65DD0E71BF39}"
EndProject
Project("{FAE04EC0-301F-11D3-BF4B-00C04F79EFBC}") = "BeardUtilities", "..\..\i2e-network-middleware\C#\beardwire\BeardWire\BeardUtilities\BeardUtilities.csproj", "{813323AE-166D-4CDA-BDF2-669D1D534830}"
EndProject
Project("{2150E333-8FDC-42A3-9474-1A3956D46DE8}") = "Network", "Network", "{EE2AA4D0-B4B7-47F1-AB8E-43E170B14E1F}"
EndProject
Project("{2150E333-8FDC-42A3-9474-1A3956D46DE8}") = ".nuget", ".nuget", "{CD6BF24E-DAC5-4DBF-9B6D-51DBF0AC045E}"
	ProjectSection(SolutionItems) = preProject
		.nuget\NuGet.Config = .nuget\NuGet.Config
		.nuget\NuGet.exe = .nuget\NuGet.exe
		.nuget\NuGet.targets = .nuget\NuGet.targets
	EndProjectSection
EndProject
Project("{FAE04EC0-301F-11D3-BF4B-00C04F79EFBC}") = "TrameNetworkMessages", "..\..\trame-plugins\TramePlugins\TrameNetworkMessages\TrameNetworkMessages.csproj", "{4B86A1B2-B04D-45CC-8694-D821B61A3B4F}"
EndProject
Project("{FAE04EC0-301F-11D3-BF4B-00C04F79EFBC}") = "TrameSkeleton", "..\..\trame\src\TrameSkeleton\TrameSkeleton.csproj", "{80826D5E-C20A-4CD1-99CA-39D372AD1D4C}"
EndProject
Project("{FAE04EC0-301F-11D3-BF4B-00C04F79EFBC}") = "BeardUnityUtilities", "..\..\i2e-network-middleware\C#\beardwire\BeardWire\BeardUnityUtilities\BeardUnityUtilities.csproj", "{4FED57B7-20B8-44BF-81C3-530E18B4DA8B}"
EndProject
Project("{FAE04EC0-301F-11D3-BF4B-00C04F79EFBC}") = "BeardMessenger", "..\..\i2e-network-middleware\C#\beardwire\BeardMessenger\BeardMessenger\BeardMessenger.csproj", "{D2505941-10B9-4830-8217-9F07B8E171A9}"
EndProject
Global
	GlobalSection(SolutionConfigurationPlatforms) = preSolution
		BuildToUnity|Any CPU = BuildToUnity|Any CPU
		BuildToUnity|x64 = BuildToUnity|x64
		BuildToUnity|x86 = BuildToUnity|x86
		CoreOnly|Any CPU = CoreOnly|Any CPU
		CoreOnly|x64 = CoreOnly|x64
		CoreOnly|x86 = CoreOnly|x86
		Debug|Any CPU = Debug|Any CPU
		Debug|x64 = Debug|x64
		Debug|x86 = Debug|x86
		DeployToUnity|Any CPU = DeployToUnity|Any CPU
		DeployToUnity|x64 = DeployToUnity|x64
		DeployToUnity|x86 = DeployToUnity|x86
		iOS|Any CPU = iOS|Any CPU
		iOS|x64 = iOS|x64
		iOS|x86 = iOS|x86
		Release|Any CPU = Release|Any CPU
		Release|x64 = Release|x64
		Release|x86 = Release|x86
		Unity|Any CPU = Unity|Any CPU
		Unity|x64 = Unity|x64
		Unity|x86 = Unity|x86
		UnityDeployment|Any CPU = UnityDeployment|Any CPU
		UnityDeployment|x64 = UnityDeployment|x64
		UnityDeployment|x86 = UnityDeployment|x86
	EndGlobalSection
	GlobalSection(ProjectConfigurationPlatforms) = postSolution
		{BC1129C8-F95E-4240-9B63-81A0538AC0DC}.BuildToUnity|Any CPU.ActiveCfg = Release|Any CPU
		{BC1129C8-F95E-4240-9B63-81A0538AC0DC}.BuildToUnity|Any CPU.Build.0 = Release|Any CPU
		{BC1129C8-F95E-4240-9B63-81A0538AC0DC}.BuildToUnity|x64.ActiveCfg = Release|Any CPU
		{BC1129C8-F95E-4240-9B63-81A0538AC0DC}.BuildToUnity|x86.ActiveCfg = Release|Any CPU
		{BC1129C8-F95E-4240-9B63-81A0538AC0DC}.CoreOnly|Any CPU.ActiveCfg = Release|Any CPU
		{BC1129C8-F95E-4240-9B63-81A0538AC0DC}.CoreOnly|Any CPU.Build.0 = Release|Any CPU
		{BC1129C8-F95E-4240-9B63-81A0538AC0DC}.CoreOnly|x64.ActiveCfg = Release|Any CPU
		{BC1129C8-F95E-4240-9B63-81A0538AC0DC}.CoreOnly|x86.ActiveCfg = Release|Any CPU
		{BC1129C8-F95E-4240-9B63-81A0538AC0DC}.Debug|Any CPU.ActiveCfg = Debug|Any CPU
		{BC1129C8-F95E-4240-9B63-81A0538AC0DC}.Debug|Any CPU.Build.0 = Debug|Any CPU
		{BC1129C8-F95E-4240-9B63-81A0538AC0DC}.Debug|x64.ActiveCfg = Debug|x64
		{BC1129C8-F95E-4240-9B63-81A0538AC0DC}.Debug|x64.Build.0 = Debug|x64
		{BC1129C8-F95E-4240-9B63-81A0538AC0DC}.Debug|x86.ActiveCfg = Debug|x86
		{BC1129C8-F95E-4240-9B63-81A0538AC0DC}.Debug|x86.Build.0 = Debug|x86
		{BC1129C8-F95E-4240-9B63-81A0538AC0DC}.DeployToUnity|Any CPU.ActiveCfg = Debug|Any CPU
		{BC1129C8-F95E-4240-9B63-81A0538AC0DC}.DeployToUnity|Any CPU.Build.0 = Debug|Any CPU
		{BC1129C8-F95E-4240-9B63-81A0538AC0DC}.DeployToUnity|x64.ActiveCfg = Debug|Any CPU
		{BC1129C8-F95E-4240-9B63-81A0538AC0DC}.DeployToUnity|x86.ActiveCfg = Debug|Any CPU
		{BC1129C8-F95E-4240-9B63-81A0538AC0DC}.iOS|Any CPU.ActiveCfg = Release|Any CPU
		{BC1129C8-F95E-4240-9B63-81A0538AC0DC}.iOS|Any CPU.Build.0 = Release|Any CPU
		{BC1129C8-F95E-4240-9B63-81A0538AC0DC}.iOS|x64.ActiveCfg = Release|Any CPU
		{BC1129C8-F95E-4240-9B63-81A0538AC0DC}.iOS|x86.ActiveCfg = Release|Any CPU
		{BC1129C8-F95E-4240-9B63-81A0538AC0DC}.Release|Any CPU.ActiveCfg = Release|Any CPU
		{BC1129C8-F95E-4240-9B63-81A0538AC0DC}.Release|Any CPU.Build.0 = Release|Any CPU
		{BC1129C8-F95E-4240-9B63-81A0538AC0DC}.Release|x64.ActiveCfg = Release|Any CPU
		{BC1129C8-F95E-4240-9B63-81A0538AC0DC}.Release|x86.ActiveCfg = Release|Any CPU
		{BC1129C8-F95E-4240-9B63-81A0538AC0DC}.Unity|Any CPU.ActiveCfg = Release|Any CPU
		{BC1129C8-F95E-4240-9B63-81A0538AC0DC}.Unity|Any CPU.Build.0 = Release|Any CPU
		{BC1129C8-F95E-4240-9B63-81A0538AC0DC}.Unity|x64.ActiveCfg = Release|Any CPU
		{BC1129C8-F95E-4240-9B63-81A0538AC0DC}.Unity|x86.ActiveCfg = Release|Any CPU
		{BC1129C8-F95E-4240-9B63-81A0538AC0DC}.UnityDeployment|Any CPU.ActiveCfg = Release|Any CPU
		{BC1129C8-F95E-4240-9B63-81A0538AC0DC}.UnityDeployment|Any CPU.Build.0 = Release|Any CPU
		{BC1129C8-F95E-4240-9B63-81A0538AC0DC}.UnityDeployment|x64.ActiveCfg = Release|Any CPU
		{BC1129C8-F95E-4240-9B63-81A0538AC0DC}.UnityDeployment|x86.ActiveCfg = Release|Any CPU
		{0ED5BC21-8DAF-4EA8-AE92-CA94BD61D3E7}.BuildToUnity|Any CPU.ActiveCfg = Release|Any CPU
		{0ED5BC21-8DAF-4EA8-AE92-CA94BD61D3E7}.BuildToUnity|Any CPU.Build.0 = Release|Any CPU
		{0ED5BC21-8DAF-4EA8-AE92-CA94BD61D3E7}.BuildToUnity|x64.ActiveCfg = Release|Any CPU
		{0ED5BC21-8DAF-4EA8-AE92-CA94BD61D3E7}.BuildToUnity|x86.ActiveCfg = Release|Any CPU
		{0ED5BC21-8DAF-4EA8-AE92-CA94BD61D3E7}.CoreOnly|Any CPU.ActiveCfg = Release|Any CPU
		{0ED5BC21-8DAF-4EA8-AE92-CA94BD61D3E7}.CoreOnly|Any CPU.Build.0 = Release|Any CPU
		{0ED5BC21-8DAF-4EA8-AE92-CA94BD61D3E7}.CoreOnly|x64.ActiveCfg = Release|Any CPU
		{0ED5BC21-8DAF-4EA8-AE92-CA94BD61D3E7}.CoreOnly|x86.ActiveCfg = Release|Any CPU
		{0ED5BC21-8DAF-4EA8-AE92-CA94BD61D3E7}.Debug|Any CPU.ActiveCfg = Debug|Any CPU
		{0ED5BC21-8DAF-4EA8-AE92-CA94BD61D3E7}.Debug|Any CPU.Build.0 = Debug|Any CPU
		{0ED5BC21-8DAF-4EA8-AE92-CA94BD61D3E7}.Debug|x64.ActiveCfg = Debug|x64
		{0ED5BC21-8DAF-4EA8-AE92-CA94BD61D3E7}.Debug|x86.ActiveCfg = Debug|Any CPU
		{0ED5BC21-8DAF-4EA8-AE92-CA94BD61D3E7}.DeployToUnity|Any CPU.ActiveCfg = Debug|Any CPU
		{0ED5BC21-8DAF-4EA8-AE92-CA94BD61D3E7}.DeployToUnity|Any CPU.Build.0 = Debug|Any CPU
		{0ED5BC21-8DAF-4EA8-AE92-CA94BD61D3E7}.DeployToUnity|x64.ActiveCfg = Debug|Any CPU
		{0ED5BC21-8DAF-4EA8-AE92-CA94BD61D3E7}.DeployToUnity|x86.ActiveCfg = Debug|Any CPU
		{0ED5BC21-8DAF-4EA8-AE92-CA94BD61D3E7}.iOS|Any CPU.ActiveCfg = Release|Any CPU
		{0ED5BC21-8DAF-4EA8-AE92-CA94BD61D3E7}.iOS|Any CPU.Build.0 = Release|Any CPU
		{0ED5BC21-8DAF-4EA8-AE92-CA94BD61D3E7}.iOS|x64.ActiveCfg = Release|Any CPU
		{0ED5BC21-8DAF-4EA8-AE92-CA94BD61D3E7}.iOS|x86.ActiveCfg = Release|Any CPU
		{0ED5BC21-8DAF-4EA8-AE92-CA94BD61D3E7}.Release|Any CPU.ActiveCfg = Release|Any CPU
		{0ED5BC21-8DAF-4EA8-AE92-CA94BD61D3E7}.Release|Any CPU.Build.0 = Release|Any CPU
		{0ED5BC21-8DAF-4EA8-AE92-CA94BD61D3E7}.Release|x64.ActiveCfg = Release|Any CPU
		{0ED5BC21-8DAF-4EA8-AE92-CA94BD61D3E7}.Release|x86.ActiveCfg = Release|Any CPU
		{0ED5BC21-8DAF-4EA8-AE92-CA94BD61D3E7}.Unity|Any CPU.ActiveCfg = Release|Any CPU
		{0ED5BC21-8DAF-4EA8-AE92-CA94BD61D3E7}.Unity|Any CPU.Build.0 = Release|Any CPU
		{0ED5BC21-8DAF-4EA8-AE92-CA94BD61D3E7}.Unity|x64.ActiveCfg = Release|Any CPU
		{0ED5BC21-8DAF-4EA8-AE92-CA94BD61D3E7}.Unity|x86.ActiveCfg = Release|Any CPU
		{0ED5BC21-8DAF-4EA8-AE92-CA94BD61D3E7}.UnityDeployment|Any CPU.ActiveCfg = Release|Any CPU
		{0ED5BC21-8DAF-4EA8-AE92-CA94BD61D3E7}.UnityDeployment|Any CPU.Build.0 = Release|Any CPU
		{0ED5BC21-8DAF-4EA8-AE92-CA94BD61D3E7}.UnityDeployment|x64.ActiveCfg = Release|Any CPU
		{0ED5BC21-8DAF-4EA8-AE92-CA94BD61D3E7}.UnityDeployment|x86.ActiveCfg = Release|Any CPU
		{5DB7D293-38DA-47D8-91E9-A707091E1206}.BuildToUnity|Any CPU.ActiveCfg = Release|Any CPU
		{5DB7D293-38DA-47D8-91E9-A707091E1206}.BuildToUnity|Any CPU.Build.0 = Release|Any CPU
		{5DB7D293-38DA-47D8-91E9-A707091E1206}.BuildToUnity|x64.ActiveCfg = Release|Any CPU
		{5DB7D293-38DA-47D8-91E9-A707091E1206}.BuildToUnity|x86.ActiveCfg = Release|Any CPU
		{5DB7D293-38DA-47D8-91E9-A707091E1206}.CoreOnly|Any CPU.ActiveCfg = Release|Any CPU
		{5DB7D293-38DA-47D8-91E9-A707091E1206}.CoreOnly|Any CPU.Build.0 = Release|Any CPU
		{5DB7D293-38DA-47D8-91E9-A707091E1206}.CoreOnly|x64.ActiveCfg = Release|Any CPU
		{5DB7D293-38DA-47D8-91E9-A707091E1206}.CoreOnly|x86.ActiveCfg = Release|Any CPU
		{5DB7D293-38DA-47D8-91E9-A707091E1206}.Debug|Any CPU.ActiveCfg = Debug|Any CPU
		{5DB7D293-38DA-47D8-91E9-A707091E1206}.Debug|Any CPU.Build.0 = Debug|Any CPU
		{5DB7D293-38DA-47D8-91E9-A707091E1206}.Debug|x64.ActiveCfg = Debug|x64
		{5DB7D293-38DA-47D8-91E9-A707091E1206}.Debug|x64.Build.0 = Debug|x64
		{5DB7D293-38DA-47D8-91E9-A707091E1206}.Debug|x86.ActiveCfg = Debug|x86
		{5DB7D293-38DA-47D8-91E9-A707091E1206}.Debug|x86.Build.0 = Debug|x86
		{5DB7D293-38DA-47D8-91E9-A707091E1206}.DeployToUnity|Any CPU.ActiveCfg = Debug|Any CPU
		{5DB7D293-38DA-47D8-91E9-A707091E1206}.DeployToUnity|Any CPU.Build.0 = Debug|Any CPU
		{5DB7D293-38DA-47D8-91E9-A707091E1206}.DeployToUnity|x64.ActiveCfg = Debug|Any CPU
		{5DB7D293-38DA-47D8-91E9-A707091E1206}.DeployToUnity|x86.ActiveCfg = Debug|Any CPU
		{5DB7D293-38DA-47D8-91E9-A707091E1206}.iOS|Any CPU.ActiveCfg = Release|Any CPU
		{5DB7D293-38DA-47D8-91E9-A707091E1206}.iOS|Any CPU.Build.0 = Release|Any CPU
		{5DB7D293-38DA-47D8-91E9-A707091E1206}.iOS|x64.ActiveCfg = Release|Any CPU
		{5DB7D293-38DA-47D8-91E9-A707091E1206}.iOS|x86.ActiveCfg = Release|Any CPU
		{5DB7D293-38DA-47D8-91E9-A707091E1206}.Release|Any CPU.ActiveCfg = Release|Any CPU
		{5DB7D293-38DA-47D8-91E9-A707091E1206}.Release|Any CPU.Build.0 = Release|Any CPU
		{5DB7D293-38DA-47D8-91E9-A707091E1206}.Release|x64.ActiveCfg = Release|Any CPU
		{5DB7D293-38DA-47D8-91E9-A707091E1206}.Release|x86.ActiveCfg = Release|Any CPU
		{5DB7D293-38DA-47D8-91E9-A707091E1206}.Unity|Any CPU.ActiveCfg = Release|Any CPU
		{5DB7D293-38DA-47D8-91E9-A707091E1206}.Unity|Any CPU.Build.0 = Release|Any CPU
		{5DB7D293-38DA-47D8-91E9-A707091E1206}.Unity|x64.ActiveCfg = Release|Any CPU
		{5DB7D293-38DA-47D8-91E9-A707091E1206}.Unity|x86.ActiveCfg = Release|Any CPU
		{5DB7D293-38DA-47D8-91E9-A707091E1206}.UnityDeployment|Any CPU.ActiveCfg = Release|Any CPU
		{5DB7D293-38DA-47D8-91E9-A707091E1206}.UnityDeployment|Any CPU.Build.0 = Release|Any CPU
		{5DB7D293-38DA-47D8-91E9-A707091E1206}.UnityDeployment|x64.ActiveCfg = Release|Any CPU
		{5DB7D293-38DA-47D8-91E9-A707091E1206}.UnityDeployment|x86.ActiveCfg = Release|Any CPU
		{39F1763C-E4C7-4CA3-BBD1-8BAD13BC171B}.BuildToUnity|Any CPU.ActiveCfg = UnityDeployment|Any CPU
		{39F1763C-E4C7-4CA3-BBD1-8BAD13BC171B}.BuildToUnity|Any CPU.Build.0 = UnityDeployment|Any CPU
		{39F1763C-E4C7-4CA3-BBD1-8BAD13BC171B}.BuildToUnity|x64.ActiveCfg = UnityDeployment|Any CPU
		{39F1763C-E4C7-4CA3-BBD1-8BAD13BC171B}.BuildToUnity|x86.ActiveCfg = UnityDeployment|x86
		{39F1763C-E4C7-4CA3-BBD1-8BAD13BC171B}.BuildToUnity|x86.Build.0 = UnityDeployment|x86
		{39F1763C-E4C7-4CA3-BBD1-8BAD13BC171B}.CoreOnly|Any CPU.ActiveCfg = UnityDeployment|Any CPU
		{39F1763C-E4C7-4CA3-BBD1-8BAD13BC171B}.CoreOnly|Any CPU.Build.0 = UnityDeployment|Any CPU
		{39F1763C-E4C7-4CA3-BBD1-8BAD13BC171B}.CoreOnly|x64.ActiveCfg = UnityDeployment|Any CPU
		{39F1763C-E4C7-4CA3-BBD1-8BAD13BC171B}.CoreOnly|x86.ActiveCfg = UnityDeployment|x86
		{39F1763C-E4C7-4CA3-BBD1-8BAD13BC171B}.CoreOnly|x86.Build.0 = UnityDeployment|x86
		{39F1763C-E4C7-4CA3-BBD1-8BAD13BC171B}.Debug|Any CPU.ActiveCfg = Debug|Any CPU
		{39F1763C-E4C7-4CA3-BBD1-8BAD13BC171B}.Debug|Any CPU.Build.0 = Debug|Any CPU
		{39F1763C-E4C7-4CA3-BBD1-8BAD13BC171B}.Debug|x64.ActiveCfg = Debug|x64
		{39F1763C-E4C7-4CA3-BBD1-8BAD13BC171B}.Debug|x64.Build.0 = Debug|x64
		{39F1763C-E4C7-4CA3-BBD1-8BAD13BC171B}.Debug|x86.ActiveCfg = Debug|x86
		{39F1763C-E4C7-4CA3-BBD1-8BAD13BC171B}.Debug|x86.Build.0 = Debug|x86
		{39F1763C-E4C7-4CA3-BBD1-8BAD13BC171B}.DeployToUnity|Any CPU.ActiveCfg = Debug|Any CPU
		{39F1763C-E4C7-4CA3-BBD1-8BAD13BC171B}.DeployToUnity|Any CPU.Build.0 = Debug|Any CPU
		{39F1763C-E4C7-4CA3-BBD1-8BAD13BC171B}.DeployToUnity|x64.ActiveCfg = Debug|Any CPU
		{39F1763C-E4C7-4CA3-BBD1-8BAD13BC171B}.DeployToUnity|x86.ActiveCfg = Debug|x86
		{39F1763C-E4C7-4CA3-BBD1-8BAD13BC171B}.DeployToUnity|x86.Build.0 = Debug|x86
		{39F1763C-E4C7-4CA3-BBD1-8BAD13BC171B}.iOS|Any CPU.ActiveCfg = UnityDeployment|Any CPU
		{39F1763C-E4C7-4CA3-BBD1-8BAD13BC171B}.iOS|Any CPU.Build.0 = UnityDeployment|Any CPU
		{39F1763C-E4C7-4CA3-BBD1-8BAD13BC171B}.iOS|x64.ActiveCfg = UnityDeployment|Any CPU
		{39F1763C-E4C7-4CA3-BBD1-8BAD13BC171B}.iOS|x86.ActiveCfg = UnityDeployment|x86
		{39F1763C-E4C7-4CA3-BBD1-8BAD13BC171B}.iOS|x86.Build.0 = UnityDeployment|x86
		{39F1763C-E4C7-4CA3-BBD1-8BAD13BC171B}.Release|Any CPU.ActiveCfg = Release|Any CPU
		{39F1763C-E4C7-4CA3-BBD1-8BAD13BC171B}.Release|Any CPU.Build.0 = Release|Any CPU
		{39F1763C-E4C7-4CA3-BBD1-8BAD13BC171B}.Release|x64.ActiveCfg = Release|Any CPU
		{39F1763C-E4C7-4CA3-BBD1-8BAD13BC171B}.Release|x86.ActiveCfg = Release|x86
		{39F1763C-E4C7-4CA3-BBD1-8BAD13BC171B}.Release|x86.Build.0 = Release|x86
		{39F1763C-E4C7-4CA3-BBD1-8BAD13BC171B}.Unity|Any CPU.ActiveCfg = UnityDeployment|Any CPU
		{39F1763C-E4C7-4CA3-BBD1-8BAD13BC171B}.Unity|Any CPU.Build.0 = UnityDeployment|Any CPU
		{39F1763C-E4C7-4CA3-BBD1-8BAD13BC171B}.Unity|x64.ActiveCfg = UnityDeployment|Any CPU
		{39F1763C-E4C7-4CA3-BBD1-8BAD13BC171B}.Unity|x86.ActiveCfg = Debug|x86
		{39F1763C-E4C7-4CA3-BBD1-8BAD13BC171B}.Unity|x86.Build.0 = Debug|x86
		{39F1763C-E4C7-4CA3-BBD1-8BAD13BC171B}.UnityDeployment|Any CPU.ActiveCfg = UnityDeployment|Any CPU
		{39F1763C-E4C7-4CA3-BBD1-8BAD13BC171B}.UnityDeployment|Any CPU.Build.0 = UnityDeployment|Any CPU
		{39F1763C-E4C7-4CA3-BBD1-8BAD13BC171B}.UnityDeployment|x64.ActiveCfg = UnityDeployment|Any CPU
		{39F1763C-E4C7-4CA3-BBD1-8BAD13BC171B}.UnityDeployment|x86.ActiveCfg = UnityDeployment|x86
		{39F1763C-E4C7-4CA3-BBD1-8BAD13BC171B}.UnityDeployment|x86.Build.0 = UnityDeployment|x86
		{2625801A-F96A-4B40-B085-2E5256C414E9}.BuildToUnity|Any CPU.ActiveCfg = UnityDeployment|Any CPU
		{2625801A-F96A-4B40-B085-2E5256C414E9}.BuildToUnity|Any CPU.Build.0 = UnityDeployment|Any CPU
		{2625801A-F96A-4B40-B085-2E5256C414E9}.BuildToUnity|x64.ActiveCfg = UnityDeployment|Any CPU
		{2625801A-F96A-4B40-B085-2E5256C414E9}.BuildToUnity|x86.ActiveCfg = UnityDeployment|x86
		{2625801A-F96A-4B40-B085-2E5256C414E9}.BuildToUnity|x86.Build.0 = UnityDeployment|x86
		{2625801A-F96A-4B40-B085-2E5256C414E9}.CoreOnly|Any CPU.ActiveCfg = UnityDeployment|Any CPU
		{2625801A-F96A-4B40-B085-2E5256C414E9}.CoreOnly|Any CPU.Build.0 = UnityDeployment|Any CPU
		{2625801A-F96A-4B40-B085-2E5256C414E9}.CoreOnly|x64.ActiveCfg = UnityDeployment|Any CPU
		{2625801A-F96A-4B40-B085-2E5256C414E9}.CoreOnly|x86.ActiveCfg = UnityDeployment|x86
		{2625801A-F96A-4B40-B085-2E5256C414E9}.CoreOnly|x86.Build.0 = UnityDeployment|x86
		{2625801A-F96A-4B40-B085-2E5256C414E9}.Debug|Any CPU.ActiveCfg = Debug|Any CPU
		{2625801A-F96A-4B40-B085-2E5256C414E9}.Debug|Any CPU.Build.0 = Debug|Any CPU
		{2625801A-F96A-4B40-B085-2E5256C414E9}.Debug|x64.ActiveCfg = Debug|x64
		{2625801A-F96A-4B40-B085-2E5256C414E9}.Debug|x64.Build.0 = Debug|x64
		{2625801A-F96A-4B40-B085-2E5256C414E9}.Debug|x86.ActiveCfg = Debug|x86
		{2625801A-F96A-4B40-B085-2E5256C414E9}.Debug|x86.Build.0 = Debug|x86
		{2625801A-F96A-4B40-B085-2E5256C414E9}.DeployToUnity|Any CPU.ActiveCfg = Debug|Any CPU
		{2625801A-F96A-4B40-B085-2E5256C414E9}.DeployToUnity|Any CPU.Build.0 = Debug|Any CPU
		{2625801A-F96A-4B40-B085-2E5256C414E9}.DeployToUnity|x64.ActiveCfg = Debug|Any CPU
		{2625801A-F96A-4B40-B085-2E5256C414E9}.DeployToUnity|x86.ActiveCfg = Debug|x86
		{2625801A-F96A-4B40-B085-2E5256C414E9}.DeployToUnity|x86.Build.0 = Debug|x86
		{2625801A-F96A-4B40-B085-2E5256C414E9}.iOS|Any CPU.ActiveCfg = UnityDeployment|Any CPU
		{2625801A-F96A-4B40-B085-2E5256C414E9}.iOS|Any CPU.Build.0 = UnityDeployment|Any CPU
		{2625801A-F96A-4B40-B085-2E5256C414E9}.iOS|x64.ActiveCfg = UnityDeployment|Any CPU
		{2625801A-F96A-4B40-B085-2E5256C414E9}.iOS|x86.ActiveCfg = UnityDeployment|x86
		{2625801A-F96A-4B40-B085-2E5256C414E9}.iOS|x86.Build.0 = UnityDeployment|x86
		{2625801A-F96A-4B40-B085-2E5256C414E9}.Release|Any CPU.ActiveCfg = Release|Any CPU
		{2625801A-F96A-4B40-B085-2E5256C414E9}.Release|Any CPU.Build.0 = Release|Any CPU
		{2625801A-F96A-4B40-B085-2E5256C414E9}.Release|x64.ActiveCfg = Release|Any CPU
		{2625801A-F96A-4B40-B085-2E5256C414E9}.Release|x86.ActiveCfg = Release|x86
		{2625801A-F96A-4B40-B085-2E5256C414E9}.Release|x86.Build.0 = Release|x86
		{2625801A-F96A-4B40-B085-2E5256C414E9}.Unity|Any CPU.ActiveCfg = UnityDeployment|Any CPU
		{2625801A-F96A-4B40-B085-2E5256C414E9}.Unity|Any CPU.Build.0 = UnityDeployment|Any CPU
		{2625801A-F96A-4B40-B085-2E5256C414E9}.Unity|x64.ActiveCfg = UnityDeployment|Any CPU
		{2625801A-F96A-4B40-B085-2E5256C414E9}.Unity|x86.ActiveCfg = UnityDeployment|x86
		{2625801A-F96A-4B40-B085-2E5256C414E9}.Unity|x86.Build.0 = UnityDeployment|x86
		{2625801A-F96A-4B40-B085-2E5256C414E9}.UnityDeployment|Any CPU.ActiveCfg = UnityDeployment|Any CPU
		{2625801A-F96A-4B40-B085-2E5256C414E9}.UnityDeployment|Any CPU.Build.0 = UnityDeployment|Any CPU
		{2625801A-F96A-4B40-B085-2E5256C414E9}.UnityDeployment|x64.ActiveCfg = UnityDeployment|Any CPU
		{2625801A-F96A-4B40-B085-2E5256C414E9}.UnityDeployment|x86.ActiveCfg = UnityDeployment|x86
		{2625801A-F96A-4B40-B085-2E5256C414E9}.UnityDeployment|x86.Build.0 = UnityDeployment|x86
		{F75C9489-246A-4E7A-93D0-65DD0E71BF39}.BuildToUnity|Any CPU.ActiveCfg = UnityDeployment|Any CPU
		{F75C9489-246A-4E7A-93D0-65DD0E71BF39}.BuildToUnity|Any CPU.Build.0 = UnityDeployment|Any CPU
		{F75C9489-246A-4E7A-93D0-65DD0E71BF39}.BuildToUnity|x64.ActiveCfg = UnityDeployment|Any CPU
		{F75C9489-246A-4E7A-93D0-65DD0E71BF39}.BuildToUnity|x86.ActiveCfg = UnityDeployment|x86
		{F75C9489-246A-4E7A-93D0-65DD0E71BF39}.BuildToUnity|x86.Build.0 = UnityDeployment|x86
		{F75C9489-246A-4E7A-93D0-65DD0E71BF39}.CoreOnly|Any CPU.ActiveCfg = UnityDeployment|Any CPU
		{F75C9489-246A-4E7A-93D0-65DD0E71BF39}.CoreOnly|Any CPU.Build.0 = UnityDeployment|Any CPU
		{F75C9489-246A-4E7A-93D0-65DD0E71BF39}.CoreOnly|x64.ActiveCfg = UnityDeployment|Any CPU
		{F75C9489-246A-4E7A-93D0-65DD0E71BF39}.CoreOnly|x86.ActiveCfg = UnityDeployment|x86
		{F75C9489-246A-4E7A-93D0-65DD0E71BF39}.CoreOnly|x86.Build.0 = UnityDeployment|x86
		{F75C9489-246A-4E7A-93D0-65DD0E71BF39}.Debug|Any CPU.ActiveCfg = Debug|Any CPU
		{F75C9489-246A-4E7A-93D0-65DD0E71BF39}.Debug|Any CPU.Build.0 = Debug|Any CPU
		{F75C9489-246A-4E7A-93D0-65DD0E71BF39}.Debug|x64.ActiveCfg = Debug|x64
		{F75C9489-246A-4E7A-93D0-65DD0E71BF39}.Debug|x64.Build.0 = Debug|x64
		{F75C9489-246A-4E7A-93D0-65DD0E71BF39}.Debug|x86.ActiveCfg = Debug|x86
		{F75C9489-246A-4E7A-93D0-65DD0E71BF39}.Debug|x86.Build.0 = Debug|x86
		{F75C9489-246A-4E7A-93D0-65DD0E71BF39}.DeployToUnity|Any CPU.ActiveCfg = Debug|Any CPU
		{F75C9489-246A-4E7A-93D0-65DD0E71BF39}.DeployToUnity|Any CPU.Build.0 = Debug|Any CPU
		{F75C9489-246A-4E7A-93D0-65DD0E71BF39}.DeployToUnity|x64.ActiveCfg = Debug|Any CPU
		{F75C9489-246A-4E7A-93D0-65DD0E71BF39}.DeployToUnity|x86.ActiveCfg = Debug|x86
		{F75C9489-246A-4E7A-93D0-65DD0E71BF39}.DeployToUnity|x86.Build.0 = Debug|x86
		{F75C9489-246A-4E7A-93D0-65DD0E71BF39}.iOS|Any CPU.ActiveCfg = UnityDeployment|Any CPU
		{F75C9489-246A-4E7A-93D0-65DD0E71BF39}.iOS|Any CPU.Build.0 = UnityDeployment|Any CPU
		{F75C9489-246A-4E7A-93D0-65DD0E71BF39}.iOS|x64.ActiveCfg = UnityDeployment|Any CPU
		{F75C9489-246A-4E7A-93D0-65DD0E71BF39}.iOS|x86.ActiveCfg = UnityDeployment|x86
		{F75C9489-246A-4E7A-93D0-65DD0E71BF39}.iOS|x86.Build.0 = UnityDeployment|x86
		{F75C9489-246A-4E7A-93D0-65DD0E71BF39}.Release|Any CPU.ActiveCfg = Release|Any CPU
		{F75C9489-246A-4E7A-93D0-65DD0E71BF39}.Release|Any CPU.Build.0 = Release|Any CPU
		{F75C9489-246A-4E7A-93D0-65DD0E71BF39}.Release|x64.ActiveCfg = Release|Any CPU
		{F75C9489-246A-4E7A-93D0-65DD0E71BF39}.Release|x86.ActiveCfg = Release|x86
		{F75C9489-246A-4E7A-93D0-65DD0E71BF39}.Release|x86.Build.0 = Release|x86
		{F75C9489-246A-4E7A-93D0-65DD0E71BF39}.Unity|Any CPU.ActiveCfg = UnityDeployment|Any CPU
		{F75C9489-246A-4E7A-93D0-65DD0E71BF39}.Unity|Any CPU.Build.0 = UnityDeployment|Any CPU
		{F75C9489-246A-4E7A-93D0-65DD0E71BF39}.Unity|x64.ActiveCfg = UnityDeployment|Any CPU
		{F75C9489-246A-4E7A-93D0-65DD0E71BF39}.Unity|x86.ActiveCfg = UnityDeployment|x86
		{F75C9489-246A-4E7A-93D0-65DD0E71BF39}.Unity|x86.Build.0 = UnityDeployment|x86
		{F75C9489-246A-4E7A-93D0-65DD0E71BF39}.UnityDeployment|Any CPU.ActiveCfg = UnityDeployment|Any CPU
		{F75C9489-246A-4E7A-93D0-65DD0E71BF39}.UnityDeployment|Any CPU.Build.0 = UnityDeployment|Any CPU
		{F75C9489-246A-4E7A-93D0-65DD0E71BF39}.UnityDeployment|x64.ActiveCfg = UnityDeployment|Any CPU
		{F75C9489-246A-4E7A-93D0-65DD0E71BF39}.UnityDeployment|x86.ActiveCfg = UnityDeployment|x86
		{F75C9489-246A-4E7A-93D0-65DD0E71BF39}.UnityDeployment|x86.Build.0 = UnityDeployment|x86
		{813323AE-166D-4CDA-BDF2-669D1D534830}.BuildToUnity|Any CPU.ActiveCfg = UnityDeployment|Any CPU
		{813323AE-166D-4CDA-BDF2-669D1D534830}.BuildToUnity|Any CPU.Build.0 = UnityDeployment|Any CPU
		{813323AE-166D-4CDA-BDF2-669D1D534830}.BuildToUnity|x64.ActiveCfg = UnityDeployment|Any CPU
		{813323AE-166D-4CDA-BDF2-669D1D534830}.BuildToUnity|x86.ActiveCfg = UnityDeployment|Any CPU
		{813323AE-166D-4CDA-BDF2-669D1D534830}.CoreOnly|Any CPU.ActiveCfg = UnityDeployment|Any CPU
		{813323AE-166D-4CDA-BDF2-669D1D534830}.CoreOnly|Any CPU.Build.0 = UnityDeployment|Any CPU
		{813323AE-166D-4CDA-BDF2-669D1D534830}.CoreOnly|x64.ActiveCfg = UnityDeployment|Any CPU
		{813323AE-166D-4CDA-BDF2-669D1D534830}.CoreOnly|x86.ActiveCfg = UnityDeployment|Any CPU
		{813323AE-166D-4CDA-BDF2-669D1D534830}.Debug|Any CPU.ActiveCfg = Debug|Any CPU
		{813323AE-166D-4CDA-BDF2-669D1D534830}.Debug|Any CPU.Build.0 = Debug|Any CPU
		{813323AE-166D-4CDA-BDF2-669D1D534830}.Debug|x64.ActiveCfg = Debug|x64
		{813323AE-166D-4CDA-BDF2-669D1D534830}.Debug|x64.Build.0 = Debug|x64
		{813323AE-166D-4CDA-BDF2-669D1D534830}.Debug|x86.ActiveCfg = Debug|Any CPU
		{813323AE-166D-4CDA-BDF2-669D1D534830}.Debug|x86.Build.0 = Debug|Any CPU
		{813323AE-166D-4CDA-BDF2-669D1D534830}.DeployToUnity|Any CPU.ActiveCfg = Debug|Any CPU
		{813323AE-166D-4CDA-BDF2-669D1D534830}.DeployToUnity|Any CPU.Build.0 = Debug|Any CPU
		{813323AE-166D-4CDA-BDF2-669D1D534830}.DeployToUnity|x64.ActiveCfg = Debug|Any CPU
		{813323AE-166D-4CDA-BDF2-669D1D534830}.DeployToUnity|x86.ActiveCfg = Debug|Any CPU
		{813323AE-166D-4CDA-BDF2-669D1D534830}.iOS|Any CPU.ActiveCfg = UnityDeployment|Any CPU
		{813323AE-166D-4CDA-BDF2-669D1D534830}.iOS|Any CPU.Build.0 = UnityDeployment|Any CPU
		{813323AE-166D-4CDA-BDF2-669D1D534830}.iOS|x64.ActiveCfg = UnityDeployment|Any CPU
		{813323AE-166D-4CDA-BDF2-669D1D534830}.iOS|x86.ActiveCfg = UnityDeployment|Any CPU
		{813323AE-166D-4CDA-BDF2-669D1D534830}.Release|Any CPU.ActiveCfg = Release|Any CPU
		{813323AE-166D-4CDA-BDF2-669D1D534830}.Release|Any CPU.Build.0 = Release|Any CPU
		{813323AE-166D-4CDA-BDF2-669D1D534830}.Release|x64.ActiveCfg = Release|Any CPU
		{813323AE-166D-4CDA-BDF2-669D1D534830}.Release|x86.ActiveCfg = Release|Any CPU
		{813323AE-166D-4CDA-BDF2-669D1D534830}.Unity|Any CPU.ActiveCfg = UnityDeployment|Any CPU
		{813323AE-166D-4CDA-BDF2-669D1D534830}.Unity|Any CPU.Build.0 = UnityDeployment|Any CPU
		{813323AE-166D-4CDA-BDF2-669D1D534830}.Unity|x64.ActiveCfg = UnityDeployment|Any CPU
		{813323AE-166D-4CDA-BDF2-669D1D534830}.Unity|x86.ActiveCfg = Release|Any CPU
		{813323AE-166D-4CDA-BDF2-669D1D534830}.UnityDeployment|Any CPU.ActiveCfg = UnityDeployment|Any CPU
		{813323AE-166D-4CDA-BDF2-669D1D534830}.UnityDeployment|Any CPU.Build.0 = UnityDeployment|Any CPU
		{813323AE-166D-4CDA-BDF2-669D1D534830}.UnityDeployment|x64.ActiveCfg = UnityDeployment|Any CPU
		{813323AE-166D-4CDA-BDF2-669D1D534830}.UnityDeployment|x86.ActiveCfg = UnityDeployment|Any CPU
		{4B86A1B2-B04D-45CC-8694-D821B61A3B4F}.BuildToUnity|Any CPU.ActiveCfg = Release|Any CPU
		{4B86A1B2-B04D-45CC-8694-D821B61A3B4F}.BuildToUnity|Any CPU.Build.0 = Release|Any CPU
		{4B86A1B2-B04D-45CC-8694-D821B61A3B4F}.BuildToUnity|x64.ActiveCfg = Release|Any CPU
		{4B86A1B2-B04D-45CC-8694-D821B61A3B4F}.BuildToUnity|x86.ActiveCfg = Release|x86
		{4B86A1B2-B04D-45CC-8694-D821B61A3B4F}.BuildToUnity|x86.Build.0 = Release|x86
		{4B86A1B2-B04D-45CC-8694-D821B61A3B4F}.CoreOnly|Any CPU.ActiveCfg = Release|Any CPU
		{4B86A1B2-B04D-45CC-8694-D821B61A3B4F}.CoreOnly|Any CPU.Build.0 = Release|Any CPU
		{4B86A1B2-B04D-45CC-8694-D821B61A3B4F}.CoreOnly|x64.ActiveCfg = Release|Any CPU
		{4B86A1B2-B04D-45CC-8694-D821B61A3B4F}.CoreOnly|x86.ActiveCfg = Release|x86
		{4B86A1B2-B04D-45CC-8694-D821B61A3B4F}.CoreOnly|x86.Build.0 = Release|x86
		{4B86A1B2-B04D-45CC-8694-D821B61A3B4F}.Debug|Any CPU.ActiveCfg = Debug|Any CPU
		{4B86A1B2-B04D-45CC-8694-D821B61A3B4F}.Debug|Any CPU.Build.0 = Debug|Any CPU
		{4B86A1B2-B04D-45CC-8694-D821B61A3B4F}.Debug|x64.ActiveCfg = Debug|x64
		{4B86A1B2-B04D-45CC-8694-D821B61A3B4F}.Debug|x64.Build.0 = Debug|x64
		{4B86A1B2-B04D-45CC-8694-D821B61A3B4F}.Debug|x86.ActiveCfg = Debug|x86
		{4B86A1B2-B04D-45CC-8694-D821B61A3B4F}.Debug|x86.Build.0 = Debug|x86
		{4B86A1B2-B04D-45CC-8694-D821B61A3B4F}.DeployToUnity|Any CPU.ActiveCfg = Debug|Any CPU
		{4B86A1B2-B04D-45CC-8694-D821B61A3B4F}.DeployToUnity|Any CPU.Build.0 = Debug|Any CPU
		{4B86A1B2-B04D-45CC-8694-D821B61A3B4F}.DeployToUnity|x64.ActiveCfg = Debug|Any CPU
		{4B86A1B2-B04D-45CC-8694-D821B61A3B4F}.DeployToUnity|x86.ActiveCfg = Debug|x86
		{4B86A1B2-B04D-45CC-8694-D821B61A3B4F}.DeployToUnity|x86.Build.0 = Debug|x86
		{4B86A1B2-B04D-45CC-8694-D821B61A3B4F}.iOS|Any CPU.ActiveCfg = Release|Any CPU
		{4B86A1B2-B04D-45CC-8694-D821B61A3B4F}.iOS|Any CPU.Build.0 = Release|Any CPU
		{4B86A1B2-B04D-45CC-8694-D821B61A3B4F}.iOS|x64.ActiveCfg = Release|Any CPU
		{4B86A1B2-B04D-45CC-8694-D821B61A3B4F}.iOS|x86.ActiveCfg = Release|x86
		{4B86A1B2-B04D-45CC-8694-D821B61A3B4F}.iOS|x86.Build.0 = Release|x86
		{4B86A1B2-B04D-45CC-8694-D821B61A3B4F}.Release|Any CPU.ActiveCfg = Release|Any CPU
		{4B86A1B2-B04D-45CC-8694-D821B61A3B4F}.Release|Any CPU.Build.0 = Release|Any CPU
		{4B86A1B2-B04D-45CC-8694-D821B61A3B4F}.Release|x64.ActiveCfg = Release|Any CPU
		{4B86A1B2-B04D-45CC-8694-D821B61A3B4F}.Release|x86.ActiveCfg = Release|x86
		{4B86A1B2-B04D-45CC-8694-D821B61A3B4F}.Release|x86.Build.0 = Release|x86
		{4B86A1B2-B04D-45CC-8694-D821B61A3B4F}.Unity|Any CPU.ActiveCfg = Release|Any CPU
		{4B86A1B2-B04D-45CC-8694-D821B61A3B4F}.Unity|Any CPU.Build.0 = Release|Any CPU
		{4B86A1B2-B04D-45CC-8694-D821B61A3B4F}.Unity|x64.ActiveCfg = Release|Any CPU
		{4B86A1B2-B04D-45CC-8694-D821B61A3B4F}.Unity|x86.ActiveCfg = Release|x86
		{4B86A1B2-B04D-45CC-8694-D821B61A3B4F}.Unity|x86.Build.0 = Release|x86
		{4B86A1B2-B04D-45CC-8694-D821B61A3B4F}.UnityDeployment|Any CPU.ActiveCfg = Release|Any CPU
		{4B86A1B2-B04D-45CC-8694-D821B61A3B4F}.UnityDeployment|Any CPU.Build.0 = Release|Any CPU
		{4B86A1B2-B04D-45CC-8694-D821B61A3B4F}.UnityDeployment|x64.ActiveCfg = Release|Any CPU
		{4B86A1B2-B04D-45CC-8694-D821B61A3B4F}.UnityDeployment|x86.ActiveCfg = Release|x86
		{4B86A1B2-B04D-45CC-8694-D821B61A3B4F}.UnityDeployment|x86.Build.0 = Release|x86
		{80826D5E-C20A-4CD1-99CA-39D372AD1D4C}.BuildToUnity|Any CPU.ActiveCfg = DeployToUnity|Any CPU
		{80826D5E-C20A-4CD1-99CA-39D372AD1D4C}.BuildToUnity|Any CPU.Build.0 = DeployToUnity|Any CPU
		{80826D5E-C20A-4CD1-99CA-39D372AD1D4C}.BuildToUnity|x64.ActiveCfg = DeployToUnity|Any CPU
		{80826D5E-C20A-4CD1-99CA-39D372AD1D4C}.BuildToUnity|x86.ActiveCfg = DeployToUnity|x86
		{80826D5E-C20A-4CD1-99CA-39D372AD1D4C}.BuildToUnity|x86.Build.0 = DeployToUnity|x86
		{80826D5E-C20A-4CD1-99CA-39D372AD1D4C}.CoreOnly|Any CPU.ActiveCfg = DeployToUnity|Any CPU
		{80826D5E-C20A-4CD1-99CA-39D372AD1D4C}.CoreOnly|Any CPU.Build.0 = DeployToUnity|Any CPU
		{80826D5E-C20A-4CD1-99CA-39D372AD1D4C}.CoreOnly|x64.ActiveCfg = DeployToUnity|Any CPU
		{80826D5E-C20A-4CD1-99CA-39D372AD1D4C}.CoreOnly|x86.ActiveCfg = DeployToUnity|x86
		{80826D5E-C20A-4CD1-99CA-39D372AD1D4C}.CoreOnly|x86.Build.0 = DeployToUnity|x86
		{80826D5E-C20A-4CD1-99CA-39D372AD1D4C}.Debug|Any CPU.ActiveCfg = Debug|Any CPU
		{80826D5E-C20A-4CD1-99CA-39D372AD1D4C}.Debug|Any CPU.Build.0 = Debug|Any CPU
		{80826D5E-C20A-4CD1-99CA-39D372AD1D4C}.Debug|x64.ActiveCfg = Debug|x64
		{80826D5E-C20A-4CD1-99CA-39D372AD1D4C}.Debug|x64.Build.0 = Debug|x64
		{80826D5E-C20A-4CD1-99CA-39D372AD1D4C}.Debug|x86.ActiveCfg = Debug|x86
		{80826D5E-C20A-4CD1-99CA-39D372AD1D4C}.Debug|x86.Build.0 = Debug|x86
		{80826D5E-C20A-4CD1-99CA-39D372AD1D4C}.DeployToUnity|Any CPU.ActiveCfg = DeployToUnity|Any CPU
		{80826D5E-C20A-4CD1-99CA-39D372AD1D4C}.DeployToUnity|Any CPU.Build.0 = DeployToUnity|Any CPU
		{80826D5E-C20A-4CD1-99CA-39D372AD1D4C}.DeployToUnity|x64.ActiveCfg = DeployToUnity|Any CPU
		{80826D5E-C20A-4CD1-99CA-39D372AD1D4C}.DeployToUnity|x86.ActiveCfg = DeployToUnity|x86
		{80826D5E-C20A-4CD1-99CA-39D372AD1D4C}.DeployToUnity|x86.Build.0 = DeployToUnity|x86
		{80826D5E-C20A-4CD1-99CA-39D372AD1D4C}.iOS|Any CPU.ActiveCfg = DeployToUnity|Any CPU
		{80826D5E-C20A-4CD1-99CA-39D372AD1D4C}.iOS|Any CPU.Build.0 = DeployToUnity|Any CPU
		{80826D5E-C20A-4CD1-99CA-39D372AD1D4C}.iOS|x64.ActiveCfg = DeployToUnity|Any CPU
		{80826D5E-C20A-4CD1-99CA-39D372AD1D4C}.iOS|x86.ActiveCfg = DeployToUnity|x86
		{80826D5E-C20A-4CD1-99CA-39D372AD1D4C}.iOS|x86.Build.0 = DeployToUnity|x86
		{80826D5E-C20A-4CD1-99CA-39D372AD1D4C}.Release|Any CPU.ActiveCfg = Release|Any CPU
		{80826D5E-C20A-4CD1-99CA-39D372AD1D4C}.Release|Any CPU.Build.0 = Release|Any CPU
		{80826D5E-C20A-4CD1-99CA-39D372AD1D4C}.Release|x64.ActiveCfg = Release|Any CPU
		{80826D5E-C20A-4CD1-99CA-39D372AD1D4C}.Release|x86.ActiveCfg = Release|x86
		{80826D5E-C20A-4CD1-99CA-39D372AD1D4C}.Release|x86.Build.0 = Release|x86
		{80826D5E-C20A-4CD1-99CA-39D372AD1D4C}.Unity|Any CPU.ActiveCfg = DeployToUnity|Any CPU
		{80826D5E-C20A-4CD1-99CA-39D372AD1D4C}.Unity|Any CPU.Build.0 = DeployToUnity|Any CPU
		{80826D5E-C20A-4CD1-99CA-39D372AD1D4C}.Unity|x64.ActiveCfg = DeployToUnity|Any CPU
		{80826D5E-C20A-4CD1-99CA-39D372AD1D4C}.Unity|x86.ActiveCfg = DeployToUnity|x86
		{80826D5E-C20A-4CD1-99CA-39D372AD1D4C}.Unity|x86.Build.0 = DeployToUnity|x86
		{80826D5E-C20A-4CD1-99CA-39D372AD1D4C}.UnityDeployment|Any CPU.ActiveCfg = DeployToUnity|Any CPU
		{80826D5E-C20A-4CD1-99CA-39D372AD1D4C}.UnityDeployment|Any CPU.Build.0 = DeployToUnity|Any CPU
		{80826D5E-C20A-4CD1-99CA-39D372AD1D4C}.UnityDeployment|x64.ActiveCfg = DeployToUnity|Any CPU
		{80826D5E-C20A-4CD1-99CA-39D372AD1D4C}.UnityDeployment|x86.ActiveCfg = DeployToUnity|x86
		{80826D5E-C20A-4CD1-99CA-39D372AD1D4C}.UnityDeployment|x86.Build.0 = DeployToUnity|x86
		{4FED57B7-20B8-44BF-81C3-530E18B4DA8B}.BuildToUnity|Any CPU.ActiveCfg = UnityDeployment|Any CPU
		{4FED57B7-20B8-44BF-81C3-530E18B4DA8B}.BuildToUnity|Any CPU.Build.0 = UnityDeployment|Any CPU
		{4FED57B7-20B8-44BF-81C3-530E18B4DA8B}.BuildToUnity|x64.ActiveCfg = UnityDeployment|Any CPU
		{4FED57B7-20B8-44BF-81C3-530E18B4DA8B}.BuildToUnity|x64.Build.0 = UnityDeployment|Any CPU
		{4FED57B7-20B8-44BF-81C3-530E18B4DA8B}.BuildToUnity|x86.ActiveCfg = UnityDeployment|Any CPU
		{4FED57B7-20B8-44BF-81C3-530E18B4DA8B}.BuildToUnity|x86.Build.0 = UnityDeployment|Any CPU
		{4FED57B7-20B8-44BF-81C3-530E18B4DA8B}.CoreOnly|Any CPU.ActiveCfg = UnityDeployment|Any CPU
		{4FED57B7-20B8-44BF-81C3-530E18B4DA8B}.CoreOnly|Any CPU.Build.0 = UnityDeployment|Any CPU
		{4FED57B7-20B8-44BF-81C3-530E18B4DA8B}.CoreOnly|x64.ActiveCfg = UnityDeployment|Any CPU
		{4FED57B7-20B8-44BF-81C3-530E18B4DA8B}.CoreOnly|x64.Build.0 = UnityDeployment|Any CPU
		{4FED57B7-20B8-44BF-81C3-530E18B4DA8B}.CoreOnly|x86.ActiveCfg = UnityDeployment|Any CPU
		{4FED57B7-20B8-44BF-81C3-530E18B4DA8B}.CoreOnly|x86.Build.0 = UnityDeployment|Any CPU
		{4FED57B7-20B8-44BF-81C3-530E18B4DA8B}.Debug|Any CPU.ActiveCfg = Debug|Any CPU
		{4FED57B7-20B8-44BF-81C3-530E18B4DA8B}.Debug|Any CPU.Build.0 = Debug|Any CPU
		{4FED57B7-20B8-44BF-81C3-530E18B4DA8B}.Debug|x64.ActiveCfg = Debug|x64
		{4FED57B7-20B8-44BF-81C3-530E18B4DA8B}.Debug|x64.Build.0 = Debug|x64
		{4FED57B7-20B8-44BF-81C3-530E18B4DA8B}.Debug|x86.ActiveCfg = Debug|Any CPU
		{4FED57B7-20B8-44BF-81C3-530E18B4DA8B}.Debug|x86.Build.0 = Debug|Any CPU
		{4FED57B7-20B8-44BF-81C3-530E18B4DA8B}.DeployToUnity|Any CPU.ActiveCfg = Debug|Any CPU
		{4FED57B7-20B8-44BF-81C3-530E18B4DA8B}.DeployToUnity|Any CPU.Build.0 = Debug|Any CPU
		{4FED57B7-20B8-44BF-81C3-530E18B4DA8B}.DeployToUnity|x64.ActiveCfg = Debug|Any CPU
		{4FED57B7-20B8-44BF-81C3-530E18B4DA8B}.DeployToUnity|x64.Build.0 = Debug|Any CPU
		{4FED57B7-20B8-44BF-81C3-530E18B4DA8B}.DeployToUnity|x86.ActiveCfg = Debug|Any CPU
		{4FED57B7-20B8-44BF-81C3-530E18B4DA8B}.DeployToUnity|x86.Build.0 = Debug|Any CPU
		{4FED57B7-20B8-44BF-81C3-530E18B4DA8B}.iOS|Any CPU.ActiveCfg = UnityDeployment|Any CPU
		{4FED57B7-20B8-44BF-81C3-530E18B4DA8B}.iOS|Any CPU.Build.0 = UnityDeployment|Any CPU
		{4FED57B7-20B8-44BF-81C3-530E18B4DA8B}.iOS|x64.ActiveCfg = UnityDeployment|Any CPU
		{4FED57B7-20B8-44BF-81C3-530E18B4DA8B}.iOS|x64.Build.0 = UnityDeployment|Any CPU
		{4FED57B7-20B8-44BF-81C3-530E18B4DA8B}.iOS|x86.ActiveCfg = UnityDeployment|Any CPU
		{4FED57B7-20B8-44BF-81C3-530E18B4DA8B}.iOS|x86.Build.0 = UnityDeployment|Any CPU
		{4FED57B7-20B8-44BF-81C3-530E18B4DA8B}.Release|Any CPU.ActiveCfg = Release|Any CPU
		{4FED57B7-20B8-44BF-81C3-530E18B4DA8B}.Release|Any CPU.Build.0 = Release|Any CPU
		{4FED57B7-20B8-44BF-81C3-530E18B4DA8B}.Release|x64.ActiveCfg = Release|Any CPU
		{4FED57B7-20B8-44BF-81C3-530E18B4DA8B}.Release|x64.Build.0 = Release|Any CPU
		{4FED57B7-20B8-44BF-81C3-530E18B4DA8B}.Release|x86.ActiveCfg = Release|Any CPU
		{4FED57B7-20B8-44BF-81C3-530E18B4DA8B}.Release|x86.Build.0 = Release|Any CPU
		{4FED57B7-20B8-44BF-81C3-530E18B4DA8B}.Unity|Any CPU.ActiveCfg = UnityDeployment|Any CPU
		{4FED57B7-20B8-44BF-81C3-530E18B4DA8B}.Unity|Any CPU.Build.0 = UnityDeployment|Any CPU
		{4FED57B7-20B8-44BF-81C3-530E18B4DA8B}.Unity|x64.ActiveCfg = UnityDeployment|Any CPU
		{4FED57B7-20B8-44BF-81C3-530E18B4DA8B}.Unity|x64.Build.0 = UnityDeployment|Any CPU
		{4FED57B7-20B8-44BF-81C3-530E18B4DA8B}.Unity|x86.ActiveCfg = UnityDeployment|Any CPU
		{4FED57B7-20B8-44BF-81C3-530E18B4DA8B}.Unity|x86.Build.0 = UnityDeployment|Any CPU
		{4FED57B7-20B8-44BF-81C3-530E18B4DA8B}.UnityDeployment|Any CPU.ActiveCfg = UnityDeployment|Any CPU
		{4FED57B7-20B8-44BF-81C3-530E18B4DA8B}.UnityDeployment|Any CPU.Build.0 = UnityDeployment|Any CPU
		{4FED57B7-20B8-44BF-81C3-530E18B4DA8B}.UnityDeployment|x64.ActiveCfg = UnityDeployment|Any CPU
		{4FED57B7-20B8-44BF-81C3-530E18B4DA8B}.UnityDeployment|x64.Build.0 = UnityDeployment|Any CPU
		{4FED57B7-20B8-44BF-81C3-530E18B4DA8B}.UnityDeployment|x86.ActiveCfg = UnityDeployment|Any CPU
		{4FED57B7-20B8-44BF-81C3-530E18B4DA8B}.UnityDeployment|x86.Build.0 = UnityDeployment|Any CPU
		{D2505941-10B9-4830-8217-9F07B8E171A9}.BuildToUnity|Any CPU.ActiveCfg = UnityDeployment|Any CPU
		{D2505941-10B9-4830-8217-9F07B8E171A9}.BuildToUnity|Any CPU.Build.0 = UnityDeployment|Any CPU
		{D2505941-10B9-4830-8217-9F07B8E171A9}.BuildToUnity|x64.ActiveCfg = UnityDeployment|Any CPU
		{D2505941-10B9-4830-8217-9F07B8E171A9}.BuildToUnity|x64.Build.0 = UnityDeployment|Any CPU
		{D2505941-10B9-4830-8217-9F07B8E171A9}.BuildToUnity|x86.ActiveCfg = UnityDeployment|Any CPU
		{D2505941-10B9-4830-8217-9F07B8E171A9}.BuildToUnity|x86.Build.0 = UnityDeployment|Any CPU
		{D2505941-10B9-4830-8217-9F07B8E171A9}.CoreOnly|Any CPU.ActiveCfg = UnityDeployment|Any CPU
		{D2505941-10B9-4830-8217-9F07B8E171A9}.CoreOnly|Any CPU.Build.0 = UnityDeployment|Any CPU
		{D2505941-10B9-4830-8217-9F07B8E171A9}.CoreOnly|x64.ActiveCfg = UnityDeployment|Any CPU
		{D2505941-10B9-4830-8217-9F07B8E171A9}.CoreOnly|x64.Build.0 = UnityDeployment|Any CPU
		{D2505941-10B9-4830-8217-9F07B8E171A9}.CoreOnly|x86.ActiveCfg = UnityDeployment|Any CPU
		{D2505941-10B9-4830-8217-9F07B8E171A9}.CoreOnly|x86.Build.0 = UnityDeployment|Any CPU
		{D2505941-10B9-4830-8217-9F07B8E171A9}.Debug|Any CPU.ActiveCfg = Debug|Any CPU
		{D2505941-10B9-4830-8217-9F07B8E171A9}.Debug|Any CPU.Build.0 = Debug|Any CPU
		{D2505941-10B9-4830-8217-9F07B8E171A9}.Debug|x64.ActiveCfg = Debug|x64
		{D2505941-10B9-4830-8217-9F07B8E171A9}.Debug|x64.Build.0 = Debug|x64
		{D2505941-10B9-4830-8217-9F07B8E171A9}.Debug|x86.ActiveCfg = Debug|Any CPU
		{D2505941-10B9-4830-8217-9F07B8E171A9}.Debug|x86.Build.0 = Debug|Any CPU
		{D2505941-10B9-4830-8217-9F07B8E171A9}.DeployToUnity|Any CPU.ActiveCfg = Debug|Any CPU
		{D2505941-10B9-4830-8217-9F07B8E171A9}.DeployToUnity|Any CPU.Build.0 = Debug|Any CPU
		{D2505941-10B9-4830-8217-9F07B8E171A9}.DeployToUnity|x64.ActiveCfg = Debug|Any CPU
		{D2505941-10B9-4830-8217-9F07B8E171A9}.DeployToUnity|x64.Build.0 = Debug|Any CPU
		{D2505941-10B9-4830-8217-9F07B8E171A9}.DeployToUnity|x86.ActiveCfg = Debug|Any CPU
		{D2505941-10B9-4830-8217-9F07B8E171A9}.DeployToUnity|x86.Build.0 = Debug|Any CPU
		{D2505941-10B9-4830-8217-9F07B8E171A9}.iOS|Any CPU.ActiveCfg = UnityDeployment|Any CPU
		{D2505941-10B9-4830-8217-9F07B8E171A9}.iOS|Any CPU.Build.0 = UnityDeployment|Any CPU
		{D2505941-10B9-4830-8217-9F07B8E171A9}.iOS|x64.ActiveCfg = UnityDeployment|Any CPU
		{D2505941-10B9-4830-8217-9F07B8E171A9}.iOS|x64.Build.0 = UnityDeployment|Any CPU
		{D2505941-10B9-4830-8217-9F07B8E171A9}.iOS|x86.ActiveCfg = UnityDeployment|Any CPU
		{D2505941-10B9-4830-8217-9F07B8E171A9}.iOS|x86.Build.0 = UnityDeployment|Any CPU
		{D2505941-10B9-4830-8217-9F07B8E171A9}.Release|Any CPU.ActiveCfg = Release|Any CPU
		{D2505941-10B9-4830-8217-9F07B8E171A9}.Release|Any CPU.Build.0 = Release|Any CPU
		{D2505941-10B9-4830-8217-9F07B8E171A9}.Release|x64.ActiveCfg = Release|Any CPU
		{D2505941-10B9-4830-8217-9F07B8E171A9}.Release|x64.Build.0 = Release|Any CPU
		{D2505941-10B9-4830-8217-9F07B8E171A9}.Release|x86.ActiveCfg = Release|Any CPU
		{D2505941-10B9-4830-8217-9F07B8E171A9}.Release|x86.Build.0 = Release|Any CPU
		{D2505941-10B9-4830-8217-9F07B8E171A9}.Unity|Any CPU.ActiveCfg = UnityDeployment|Any CPU
		{D2505941-10B9-4830-8217-9F07B8E171A9}.Unity|Any CPU.Build.0 = UnityDeployment|Any CPU
		{D2505941-10B9-4830-8217-9F07B8E171A9}.Unity|x64.ActiveCfg = UnityDeployment|Any CPU
		{D2505941-10B9-4830-8217-9F07B8E171A9}.Unity|x64.Build.0 = UnityDeployment|Any CPU
		{D2505941-10B9-4830-8217-9F07B8E171A9}.Unity|x86.ActiveCfg = UnityDeployment|Any CPU
		{D2505941-10B9-4830-8217-9F07B8E171A9}.Unity|x86.Build.0 = UnityDeployment|Any CPU
		{D2505941-10B9-4830-8217-9F07B8E171A9}.UnityDeployment|Any CPU.ActiveCfg = UnityDeployment|Any CPU
		{D2505941-10B9-4830-8217-9F07B8E171A9}.UnityDeployment|Any CPU.Build.0 = UnityDeployment|Any CPU
		{D2505941-10B9-4830-8217-9F07B8E171A9}.UnityDeployment|x64.ActiveCfg = UnityDeployment|Any CPU
		{D2505941-10B9-4830-8217-9F07B8E171A9}.UnityDeployment|x64.Build.0 = UnityDeployment|Any CPU
		{D2505941-10B9-4830-8217-9F07B8E171A9}.UnityDeployment|x86.ActiveCfg = UnityDeployment|Any CPU
		{D2505941-10B9-4830-8217-9F07B8E171A9}.UnityDeployment|x86.Build.0 = UnityDeployment|Any CPU
	EndGlobalSection
	GlobalSection(SolutionProperties) = preSolution
		HideSolutionNode = FALSE
	EndGlobalSection
	GlobalSection(NestedProjects) = preSolution
		{0ED5BC21-8DAF-4EA8-AE92-CA94BD61D3E7} = {196952A8-61F5-4206-8193-CB9C11E67C3F}
		{39F1763C-E4C7-4CA3-BBD1-8BAD13BC171B} = {EE2AA4D0-B4B7-47F1-AB8E-43E170B14E1F}
		{2625801A-F96A-4B40-B085-2E5256C414E9} = {EE2AA4D0-B4B7-47F1-AB8E-43E170B14E1F}
		{F75C9489-246A-4E7A-93D0-65DD0E71BF39} = {EE2AA4D0-B4B7-47F1-AB8E-43E170B14E1F}
		{813323AE-166D-4CDA-BDF2-669D1D534830} = {EE2AA4D0-B4B7-47F1-AB8E-43E170B14E1F}
		{4B86A1B2-B04D-45CC-8694-D821B61A3B4F} = {EE2AA4D0-B4B7-47F1-AB8E-43E170B14E1F}
	EndGlobalSection
EndGlobal
